
Microsoft Visual Studio Solution File, Format Version 12.00
# Visual Studio Version 17
VisualStudioVersion = 17.14.36623.8 d17.14
MinimumVisualStudioVersion = 10.0.40219.1
Project("{FAE04EC0-301F-11D3-BF4B-00C04F79EFBC}") = "MauiApp1", "MauiApp1\MauiApp1.csproj", "{1B22BC0B-FEA9-4B90-91FF-77EF04B04E52}"
EndProject
Global
	GlobalSection(SolutionConfigurationPlatforms) = preSolution
		Debug|Any CPU = Debug|Any CPU
		Release|Any CPU = Release|Any CPU
	EndGlobalSection
	GlobalSection(ProjectConfigurationPlatforms) = postSolution
		{1B22BC0B-FEA9-4B90-91FF-77EF04B04E52}.Debug|Any CPU.ActiveCfg = Debug|Any CPU
		{1B22BC0B-FEA9-4B90-91FF-77EF04B04E52}.Debug|Any CPU.Build.0 = Debug|Any CPU
		{1B22BC0B-FEA9-4B90-91FF-77EF04B04E52}.Release|Any CPU.ActiveCfg = Release|Any CPU
		{1B22BC0B-FEA9-4B90-91FF-77EF04B04E52}.Release|Any CPU.Build.0 = Release|Any CPU
	EndGlobalSection
	GlobalSection(SolutionProperties) = preSolution
		HideSolutionNode = FALSE
	EndGlobalSection
	GlobalSection(ExtensibilityGlobals) = postSolution
		SolutionGuid = {6B0F171F-7AF6-4F8B-98B2-28D1BFB1E0C5}
	EndGlobalSection
EndGlobal
